# THIS IS AN AUTOGENERATED FILE. DO NOT EDIT THIS FILE DIRECTLY.
# yarn lockfile v1


flow-bin@^0.112.0:
  version "0.112.0"
  resolved "https://registry.yarnpkg.com/flow-bin/-/flow-bin-0.112.0.tgz#6a21c31937c4a2f23a750056a364c598a95ea216"
  integrity sha512-vdcuKv0UU55vjv0e2EVh1ZxlU+TSNT19SkE+6gT1vYzTKtzYE6dLuAmBIiS3Rg2N9D9HOI6TKSyl53zPtqZLrA==

prettier@^1.19.1:
  version "1.19.1"
  resolved "https://registry.yarnpkg.com/prettier/-/prettier-1.19.1.tgz#f7d7f5ff8a9cd872a7be4ca142095956a60797cb"
  integrity sha512-s7PoyDv/II1ObgQunCbB9PdLmUcBZcnWOcxDh7O0N/UwDEsHyqkW+Qh28jW+mVuCdx7gLB0BotYI1Y6uI9iyew==
